<?xml version="1.0" encoding="utf-8"?>
<Project ToolsVersion="4.0" xmlns="http://schemas.microsoft.com/developer/msbuild/2003">
  <ItemGroup>
    <Filter Include="Source Files">
      <UniqueIdentifier>{4FC737F1-C7A5-4376-A066-2A32D752A2FF}</UniqueIdentifier>
      <Extensions>cpp;c;cc;cxx;def;odl;idl;hpj;bat;asm;asmx</Extensions>
    </Filter>
    <Filter Include="Header Files">
      <UniqueIdentifier>{93995380-89BD-4b04-88EB-625FBE52EBFB}</UniqueIdentifier>
      <Extensions>h;hpp;hxx;hm;inl;inc;xsd</Extensions>
    </Filter>
    <Filter Include="Engine">
      <UniqueIdentifier>{e861e1d9-3fa7-4d75-8436-d33e8530fcff}</UniqueIdentifier>
    </Filter>
    <Filter Include="Engine\Camera">
      <UniqueIdentifier>{687dd477-e2b9-40f4-a00d-514c38c6ef97}</UniqueIdentifier>
    </Filter>
    <Filter Include="Objects">
      <UniqueIdentifier>{54386376-8ec8-4f6f-b1fa-fd6a364455c5}</UniqueIdentifier>
    </Filter>
    <Filter Include="Engine\GameManager">
      <UniqueIdentifier>{5026e474-0c19-4f81-91bc-9ac33c063df7}</UniqueIdentifier>
    </Filter>
    <Filter Include="World">
      <UniqueIdentifier>{bce42fa7-f795-4abc-84b0-64785dddfa76}</UniqueIdentifier>
    </Filter>
    <Filter Include="States">
      <UniqueIdentifier>{c9bcc994-584a-480f-9497-89df93239aad}</UniqueIdentifier>
    </Filter>
    <Filter Include="Menu">
      <UniqueIdentifier>{cf737ac9-b6a5-40fb-8e0d-72b250b95ec6}</UniqueIdentifier>
    </Filter>
  </ItemGroup>
  <ItemGroup>
    <ClCompile Include="main.cpp">
      <Filter>Source Files</Filter>
    </ClCompile>
    <ClCompile Include="Application.cpp">
      <Filter>Source Files</Filter>
    </ClCompile>
    <ClCompile Include="GameManager.cpp">
      <Filter>Engine\GameManager</Filter>
    </ClCompile>
    <ClCompile Include="Chunk.cpp">
      <Filter>World</Filter>
    </ClCompile>
    <ClCompile Include="Block.cpp">
      <Filter>World</Filter>
    </ClCompile>
    <ClCompile Include="WorldManager.cpp">
      <Filter>World</Filter>
    </ClCompile>
    <ClCompile Include="ChunkManager.cpp">
      <Filter>World</Filter>
    </ClCompile>
    <ClCompile Include="GameState.cpp">
      <Filter>States</Filter>
    </ClCompile>
    <ClCompile Include="StateManager.cpp">
      <Filter>States</Filter>
    </ClCompile>
    <ClCompile Include="MenuState.cpp">
      <Filter>States</Filter>
    </ClCompile>
    <ClCompile Include="MenuItem.cpp">
      <Filter>Menu</Filter>
    </ClCompile>
  </ItemGroup>
  <ItemGroup>
    <ClInclude Include="Application.h">
      <Filter>Header Files</Filter>
    </ClInclude>
    <ClInclude Include="GameManager.h">
      <Filter>Engine\GameManager</Filter>
    </ClInclude>
    <ClInclude Include="Chunk.h">
      <Filter>World</Filter>
    </ClInclude>
    <ClInclude Include="Block.h">
      <Filter>World</Filter>
    </ClInclude>
    <ClInclude Include="DebugCamera.h">
      <Filter>Engine\Camera</Filter>
    </ClInclude>
    <ClInclude Include="WorldManager.h">
      <Filter>World</Filter>
    </ClInclude>
    <ClInclude Include="ChunkManager.h">
      <Filter>World</Filter>
    </ClInclude>
    <ClInclude Include="TerrainGenerator.h">
      <Filter>World</Filter>
    </ClInclude>
    <ClInclude Include="ApplicationState.h">
      <Filter>States</Filter>
    </ClInclude>
    <ClInclude Include="GameState.h">
      <Filter>States</Filter>
    </ClInclude>
    <ClInclude Include="MenuState.h">
      <Filter>States</Filter>
    </ClInclude>
    <ClInclude Include="StateManager.h">
      <Filter>States</Filter>
    </ClInclude>
    <ClInclude Include="MenuItem.h">
      <Filter>Menu</Filter>
    </ClInclude>
  </ItemGroup>
  <ItemGroup>
    <Text Include="simpleShader.fx" />
  </ItemGroup>
</Project>